
Microsoft Visual Studio Solution File, Format Version 12.00
# Visual Studio 15
VisualStudioVersion = 15.0.27004.2006
MinimumVisualStudioVersion = 10.0.40219.1
Project("{151D2E53-A2C4-4D7D-83FE-D05416EBD58E}") = "HelloWorldLogicApp", "HelloWorldLogicApp\HelloWorldLogicApp.deployproj", "{F12F812B-D6DE-45D6-A2C5-4FEC6FBFB398}"
EndProject
Global
	GlobalSection(SolutionConfigurationPlatforms) = preSolution
		Debug|Any CPU = Debug|Any CPU
		Release|Any CPU = Release|Any CPU
	EndGlobalSection
	GlobalSection(ProjectConfigurationPlatforms) = postSolution
		{F12F812B-D6DE-45D6-A2C5-4FEC6FBFB398}.Debug|Any CPU.ActiveCfg = Debug|Any CPU
		{F12F812B-D6DE-45D6-A2C5-4FEC6FBFB398}.Debug|Any CPU.Build.0 = Debug|Any CPU
		{F12F812B-D6DE-45D6-A2C5-4FEC6FBFB398}.Release|Any CPU.ActiveCfg = Release|Any CPU
		{F12F812B-D6DE-45D6-A2C5-4FEC6FBFB398}.Release|Any CPU.Build.0 = Release|Any CPU
	EndGlobalSection
	GlobalSection(SolutionProperties) = preSolution
		HideSolutionNode = FALSE
	EndGlobalSection
	GlobalSection(ExtensibilityGlobals) = postSolution
		SolutionGuid = {CAB336DC-2A45-4F8C-BE5C-7B089B73549C}
	EndGlobalSection
EndGlobal
